
Microsoft Visual Studio Solution File, Format Version 12.00
# Visual Studio Version 17
VisualStudioVersion = 17.2.32616.157
MinimumVisualStudioVersion = 10.0.40219.1
Project("{FAE04EC0-301F-11D3-BF4B-00C04F79EFBC}") = "NetworX.ArchiveFixer", "NetworX.ArchiveFixer\NetworX.ArchiveFixer.csproj", "{3D337635-9799-49E6-8DF9-26736C9CC965}"
EndProject
Global
	GlobalSection(SolutionConfigurationPlatforms) = preSolution
		Debug|Any CPU = Debug|Any CPU
		Release|Any CPU = Release|Any CPU
	EndGlobalSection
	GlobalSection(ProjectConfigurationPlatforms) = postSolution
		{3D337635-9799-49E6-8DF9-26736C9CC965}.Debug|Any CPU.ActiveCfg = Debug|Any CPU
		{3D337635-9799-49E6-8DF9-26736C9CC965}.Debug|Any CPU.Build.0 = Debug|Any CPU
		{3D337635-9799-49E6-8DF9-26736C9CC965}.Release|Any CPU.ActiveCfg = Release|Any CPU
		{3D337635-9799-49E6-8DF9-26736C9CC965}.Release|Any CPU.Build.0 = Release|Any CPU
	EndGlobalSection
	GlobalSection(SolutionProperties) = preSolution
		HideSolutionNode = FALSE
	EndGlobalSection
	GlobalSection(ExtensibilityGlobals) = postSolution
		SolutionGuid = {73C36DAE-05D3-4A68-9050-D11F04FE8D8E}
	EndGlobalSection
EndGlobal
